
Microsoft Visual Studio Solution File, Format Version 12.00
# Visual Studio Version 17
VisualStudioVersion = 17.0.32126.317
MinimumVisualStudioVersion = 10.0.40219.1
Project("{FAE04EC0-301F-11D3-BF4B-00C04F79EFBC}") = "be-evid3nt", "be-evid3nt.csproj", "{849ABEC2-0068-4CE5-BE98-3A707E61BCF4}"
EndProject
Global
	GlobalSection(SolutionConfigurationPlatforms) = preSolution
		Debug|Any CPU = Debug|Any CPU
		Release|Any CPU = Release|Any CPU
	EndGlobalSection
	GlobalSection(ProjectConfigurationPlatforms) = postSolution
		{849ABEC2-0068-4CE5-BE98-3A707E61BCF4}.Debug|Any CPU.ActiveCfg = Debug|Any CPU
		{849ABEC2-0068-4CE5-BE98-3A707E61BCF4}.Debug|Any CPU.Build.0 = Debug|Any CPU
		{849ABEC2-0068-4CE5-BE98-3A707E61BCF4}.Release|Any CPU.ActiveCfg = Release|Any CPU
		{849ABEC2-0068-4CE5-BE98-3A707E61BCF4}.Release|Any CPU.Build.0 = Release|Any CPU
	EndGlobalSection
	GlobalSection(SolutionProperties) = preSolution
		HideSolutionNode = FALSE
	EndGlobalSection
	GlobalSection(ExtensibilityGlobals) = postSolution
		SolutionGuid = {A854A9C7-74C1-4881-8B5B-61B4305F2A52}
	EndGlobalSection
EndGlobal
